{
    "_readme": [
        "This file locks the dependencies of your project to a known state",
        "Read more about it at http://getcomposer.org/doc/01-basic-usage.md#composer-lock-the-lock-file"
    ],
    "hash": "ed1a05ed6ca5cfcb968a75be908cb6b4",
    "packages": [
        {
            "name": "clevertech/yii-booster",
            "version": "dev-master",
            "source": {
                "type": "git",
                "url": "https://github.com/clevertech/YiiBooster.git",
                "reference": "32203692a02677f5669a91341ca1e0942f79ce55"
            },
            "dist": {
                "type": "zip",
                "url": "https://api.github.com/repos/clevertech/YiiBooster/zipball/32203692a02677f5669a91341ca1e0942f79ce55",
                "reference": "32203692a02677f5669a91341ca1e0942f79ce55",
                "shasum": ""
            },
            "require": {
                "php": ">=5.1.0"
            },
            "require-dev": {
                "ardem/yii-coding-standard": "dev-master",
                "mayflower/php-codebrowser": "1.0.*@dev",
                "ncuesta/pinocchio": "dev-master",
                "phploc/phploc": "*",
                "phpunit/phpunit": "3.7.*",
                "sebastian/phpcpd": "*",
                "squizlabs/php_codesniffer": "1.*",
                "yiisoft/yii": "1.1.14"
            },
            "type": "library",
            "notification-url": "https://packagist.org/downloads/",
            "license": [
                "MIT"
            ],
            "authors": [
                {
                    "name": "Antonio Ramirez Cobos",
                    "email": "amigo.cobos@gmail.com",
                    "homepage": "http://www.ramirezcobos.com",
                    "role": "Founder and development"
                },
                {
                    "name": "Saphronov Mark",
                    "email": "hijarian@gmail.com",
                    "homepage": "http://about.me/hijarian"
                },
                {
                    "name": "Ruslan Fadeev"
                }
            ],
            "description": "Widget toolkit for Yii framework",
            "homepage": "http://yiibooster.clevertech.biz/",
            "keywords": [
                "bootstrap",
                "yii"
            ],
            "time": "2014-02-19 21:24:17"
        },
        {
            "name": "yiisoft/yii",
            "version": "dev-master",
            "source": {
                "type": "git",
                "url": "https://github.com/yiisoft/yii.git",
                "reference": "45696571f92ce4e7317106e06c752bea53fe6ebd"
            },
            "dist": {
                "type": "zip",
                "url": "https://api.github.com/repos/yiisoft/yii/zipball/45696571f92ce4e7317106e06c752bea53fe6ebd",
                "reference": "45696571f92ce4e7317106e06c752bea53fe6ebd",
                "shasum": ""
            },
            "require": {
                "php": ">=5.1.0"
            },
            "bin": [
                "framework/yiic"
            ],
            "type": "library",
            "notification-url": "https://packagist.org/downloads/",
            "license": [
                "BSD-3-Clause"
            ],
            "authors": [
                {
                    "name": "Qiang Xue",
                    "email": "qiang.xue@gmail.com",
                    "homepage": "http://www.yiiframework.com/",
                    "role": "Founder and project lead"
                },
                {
                    "name": "Alexander Makarov",
                    "email": "sam@rmcreative.ru",
                    "homepage": "http://rmcreative.ru/",
                    "role": "Core framework development"
                },
                {
                    "name": "Maurizio Domba",
                    "homepage": "http://mdomba.info/",
                    "role": "Core framework development"
                },
                {
                    "name": "Carsten Brandt",
                    "email": "mail@cebe.cc",
                    "homepage": "http://cebe.cc/",
                    "role": "Core framework development"
                },
                {
                    "name": "Wei Zhuo",
                    "email": "weizhuo@gmail.com",
                    "role": "Project site maintenance and development"
                },
                {
                    "name": "Sebastián Thierer",
                    "email": "sebas@artfos.com",
                    "role": "Component development"
                },
                {
                    "name": "Jeffrey Winesett",
                    "email": "jefftulsa@gmail.com",
                    "role": "Documentation and marketing"
                },
                {
                    "name": "Timur Ruziev",
                    "email": "resurtm@gmail.com",
                    "homepage": "http://resurtm.com/",
                    "role": "Core framework development"
                },
                {
                    "name": "Paul Klimov",
                    "email": "klimov.paul@gmail.com",
                    "role": "Core framework development"
                }
            ],
            "description": "Yii Web Programming Framework",
            "homepage": "http://www.yiiframework.com/",
            "keywords": [
                "framework",
                "yii"
            ],
            "time": "2014-03-09 02:56:57"
        }
    ],
    "packages-dev": [

    ],
    "aliases": [

    ],
    "minimum-stability": "stable",
    "stability-flags": {
        "yiisoft/yii": 20,
        "clevertech/yii-booster": 20
    },
    "platform": [

    ],
    "platform-dev": [

    ]
}
